{
  "version": 4,
  "terraform_version": "1.1.6",
  "serial": 355,
  "lineage": "0cd923f9-b25f-16c8-ec19-5743a1d62c8f",
  "outputs": {
    "shh_command": {
      "value": "ssh -i 'test_key_ssh.pem'  ubuntu@ec2-3-136-87-35.us-east-2.compute.amazonaws.com",
      "type": "string"
    }
  },
  "resources": [
    {
      "mode": "managed",
      "type": "aws_iam_instance_profile",
      "name": "some_profile",
      "provider": "provider[\"registry.terraform.io/hashicorp/aws\"]",
      "instances": [
        {
          "schema_version": 0,
          "attributes": {
            "arn": "arn:aws:iam::944078016394:instance-profile/some-profile",
            "create_date": "2022-03-10T12:25:34Z",
            "id": "some-profile",
            "name": "some-profile",
            "name_prefix": null,
            "path": "/",
            "role": "made_up_role",
            "tags": null,
            "tags_all": {},
            "unique_id": "AIPA5XT3PJ6FP6NRLXJ5Z"
          },
          "sensitive_attributes": [],
          "private": "bnVsbA==",
          "dependencies": [
            "aws_iam_role.some_role"
          ]
        }
      ]
    },
    {
      "mode": "managed",
      "type": "aws_iam_policy",
      "name": "bucket_policy",
      "provider": "provider[\"registry.terraform.io/hashicorp/aws\"]",
      "instances": [
        {
          "schema_version": 0,
          "attributes": {
            "arn": "arn:aws:iam::944078016394:policy/my-bucket-policy",
            "description": "Allow ",
            "id": "arn:aws:iam::944078016394:policy/my-bucket-policy",
            "name": "my-bucket-policy",
            "name_prefix": null,
            "path": "/",
            "policy": "{\"Statement\":[{\"Action\":\"s3:ListAllMyBuckets\",\"Effect\":\"Allow\",\"Resource\":\"*\"},{\"Action\":[\"s3:PutObject\",\"s3:GetObject\",\"s3:ListBucket\",\"s3:DeleteObject\"],\"Effect\":\"Allow\",\"Resource\":[\"arn:aws:s3:::*/*\",\"arn:aws:s3:::challenge-private-bucket\"],\"Sid\":\"VisualEditor0\"}],\"Version\":\"2012-10-17\"}",
            "policy_id": "ANPA5XT3PJ6FIMU4YYIU3",
            "tags": null,
            "tags_all": {}
          },
          "sensitive_attributes": [],
          "private": "bnVsbA=="
        }
      ]
    },
    {
      "mode": "managed",
      "type": "aws_iam_role",
      "name": "some_role",
      "provider": "provider[\"registry.terraform.io/hashicorp/aws\"]",
      "instances": [
        {
          "schema_version": 0,
          "attributes": {
            "arn": "arn:aws:iam::944078016394:role/made_up_role",
            "assume_role_policy": "{\"Version\":\"2012-10-17\",\"Statement\":[{\"Sid\":\"\",\"Effect\":\"Allow\",\"Principal\":{\"Service\":\"ec2.amazonaws.com\"},\"Action\":\"sts:AssumeRole\"}]}",
            "create_date": "2022-03-10T12:25:33Z",
            "description": "",
            "force_detach_policies": false,
            "id": "made_up_role",
            "inline_policy": [
              {
                "name": "",
                "policy": ""
              }
            ],
            "managed_policy_arns": [],
            "max_session_duration": 3600,
            "name": "made_up_role",
            "name_prefix": "",
            "path": "/",
            "permissions_boundary": null,
            "tags": null,
            "tags_all": {},
            "unique_id": "AROA5XT3PJ6FLDH67ILHZ"
          },
          "sensitive_attributes": [],
          "private": "bnVsbA=="
        }
      ]
    },
    {
      "mode": "managed",
      "type": "aws_iam_role_policy_attachment",
      "name": "some_bucket_policy",
      "provider": "provider[\"registry.terraform.io/hashicorp/aws\"]",
      "instances": [
        {
          "schema_version": 0,
          "attributes": {
            "id": "made_up_role-20220310122533715900000002",
            "policy_arn": "arn:aws:iam::944078016394:policy/my-bucket-policy",
            "role": "made_up_role"
          },
          "sensitive_attributes": [],
          "private": "bnVsbA==",
          "dependencies": [
            "aws_iam_policy.bucket_policy",
            "aws_iam_role.some_role"
          ]
        }
      ]
    },
    {
      "mode": "managed",
      "type": "aws_instance",
      "name": "challenge_instance",
      "provider": "provider[\"registry.terraform.io/hashicorp/aws\"]",
      "instances": [
        {
          "schema_version": 1,
          "attributes": {
            "ami": "ami-05803413c51f242b7",
            "arn": "arn:aws:ec2:us-east-2:944078016394:instance/i-0114b3d26a850a8fa",
            "associate_public_ip_address": true,
            "availability_zone": "us-east-2b",
            "capacity_reservation_specification": [
              {
                "capacity_reservation_preference": "open",
                "capacity_reservation_target": []
              }
            ],
            "cpu_core_count": 1,
            "cpu_threads_per_core": 1,
            "credit_specification": [
              {
                "cpu_credits": "standard"
              }
            ],
            "disable_api_termination": false,
            "ebs_block_device": [],
            "ebs_optimized": false,
            "enclave_options": [
              {
                "enabled": false
              }
            ],
            "ephemeral_block_device": [],
            "get_password_data": false,
            "hibernation": false,
            "host_id": null,
            "iam_instance_profile": "some-profile",
            "id": "i-0114b3d26a850a8fa",
            "instance_initiated_shutdown_behavior": "stop",
            "instance_state": "running",
            "instance_type": "t2.micro",
            "ipv6_address_count": 0,
            "ipv6_addresses": [],
            "key_name": "test_key_1",
            "launch_template": [],
            "metadata_options": [
              {
                "http_endpoint": "enabled",
                "http_put_response_hop_limit": 1,
                "http_tokens": "optional",
                "instance_metadata_tags": "disabled"
              }
            ],
            "monitoring": false,
            "network_interface": [],
            "outpost_arn": "",
            "password_data": "",
            "placement_group": "",
            "placement_partition_number": null,
            "primary_network_interface_id": "eni-07bd01950cdf71566",
            "private_dns": "ip-172-31-30-16.us-east-2.compute.internal",
            "private_ip": "172.31.30.16",
            "public_dns": "ec2-3-136-87-35.us-east-2.compute.amazonaws.com",
            "public_ip": "3.136.87.35",
            "root_block_device": [
              {
                "delete_on_termination": true,
                "device_name": "/dev/sda1",
                "encrypted": false,
                "iops": 100,
                "kms_key_id": "",
                "tags": {},
                "throughput": 0,
                "volume_id": "vol-06583b869b87ff729",
                "volume_size": 8,
                "volume_type": "gp2"
              }
            ],
            "secondary_private_ips": [],
            "security_groups": [
              "terraform-20220310122532615700000001"
            ],
            "source_dest_check": true,
            "subnet_id": "subnet-0a4a7d361eb2f8a0b",
            "tags": null,
            "tags_all": {},
            "tenancy": "default",
            "timeouts": null,
            "user_data": null,
            "user_data_base64": null,
            "volume_tags": null,
            "vpc_security_group_ids": [
              "sg-0e48b4808808aad6c"
            ]
          },
          "sensitive_attributes": [],
          "private": "eyJlMmJmYjczMC1lY2FhLTExZTYtOGY4OC0zNDM2M2JjN2M0YzAiOnsiY3JlYXRlIjo2MDAwMDAwMDAwMDAsImRlbGV0ZSI6MTIwMDAwMDAwMDAwMCwidXBkYXRlIjo2MDAwMDAwMDAwMDB9LCJzY2hlbWFfdmVyc2lvbiI6IjEifQ==",
          "dependencies": [
            "aws_iam_instance_profile.some_profile",
            "aws_iam_role.some_role",
            "aws_key_pair.test_key",
            "aws_security_group.main",
            "tls_private_key.ssh"
          ]
        }
      ]
    },
    {
      "mode": "managed",
      "type": "aws_key_pair",
      "name": "test_key",
      "provider": "provider[\"registry.terraform.io/hashicorp/aws\"]",
      "instances": [
        {
          "schema_version": 1,
          "attributes": {
            "arn": "arn:aws:ec2:us-east-2:944078016394:key-pair/test_key_1",
            "fingerprint": "6e:13:fb:3e:b4:5a:c4:d1:58:09:73:92:c0:c4:3b:8a",
            "id": "test_key_1",
            "key_name": "test_key_1",
            "key_name_prefix": "",
            "key_pair_id": "key-0a955cdb117529ba8",
            "public_key": "ssh-rsa AAAAB3NzaC1yc2EAAAADAQABAAACAQC40EY8E0xsiMGJZFtzBrc56j2m1CqtZGkU4dBKWkeS1+BcFgM5J9T/+yk8nJmCdnjYNEtHDMiU/y3JRHmm8BcBKrNg8lfAueDUCpV7EFNiVTCx243qFmHZka6tgawemXr1KVzx8ixIJkPq8XxGB3AUFJkzjbaVyKDyVnEQ2MUz5J1v6QDPV9DiYN0Gpx93xYZTUnu5/pgyfYZat2uQ9aCMj5hBwcmOC+QTZKnjRwt1zEyguUQC+/zDWLfvbhUPYJC2cJW2cCEVEPoKwQnuf6jeP7KK9LQTA80OZdSk8bHmfvA82C1nAoIdlq4Nbg2/QmZxmYcpLwKYn6/ENBvG2GFGkBDgzOBjeMnUmRHj5tUcqtRmQdlRxdcPvCILQsjPj7NXODr1jr0t7de9T0bDpUZj0Mm8rZpN7T3G8UMio1JrM23gxb01POYq4oS7PMYOtBa6GnzZj0NlPzeGNIUwfWRwMjkYuklAcS/Xl2Ctx6lKF/g4BQ1pgBFqsHeAw0NBrpZn0QTJXBCiHK4GY6TF5EoThTP3LHa38yaGgaPHGm99uMINSxmU1dffo86Vxx7Ae5fac7yuVIPpSeKA6ZVqMQjxQApCs/HnA6kgCTfikVqR2uopfjPwp81/mFT/66xVAf24hU3HCo12T8D2FFWwyg1oUyZyTxsIDnpF8LipjZPgnQ==",
            "tags": null,
            "tags_all": {}
          },
          "sensitive_attributes": [],
          "private": "eyJzY2hlbWFfdmVyc2lvbiI6IjEifQ==",
          "dependencies": [
            "tls_private_key.ssh"
          ]
        }
      ]
    },
    {
      "mode": "managed",
      "type": "aws_s3_bucket",
      "name": "private",
      "provider": "provider[\"registry.terraform.io/hashicorp/aws\"]",
      "instances": [
        {
          "schema_version": 0,
          "attributes": {
            "acceleration_status": "",
            "acl": "private",
            "arn": "arn:aws:s3:::challenge-private-bucket",
            "bucket": "challenge-private-bucket",
            "bucket_domain_name": "challenge-private-bucket.s3.amazonaws.com",
            "bucket_prefix": null,
            "bucket_regional_domain_name": "challenge-private-bucket.s3.us-east-2.amazonaws.com",
            "cors_rule": [],
            "force_destroy": true,
            "grant": [],
            "hosted_zone_id": "Z2O1EMRO9K5GLX",
            "id": "challenge-private-bucket",
            "lifecycle_rule": [],
            "logging": [],
            "object_lock_configuration": [],
            "policy": "",
            "region": "us-east-2",
            "replication_configuration": [],
            "request_payer": "BucketOwner",
            "server_side_encryption_configuration": [],
            "tags": null,
            "tags_all": {},
            "versioning": [
              {
                "enabled": false,
                "mfa_delete": false
              }
            ],
            "website": [],
            "website_domain": null,
            "website_endpoint": null
          },
          "sensitive_attributes": [],
          "private": "bnVsbA=="
        }
      ]
    },
    {
      "mode": "managed",
      "type": "aws_s3_bucket_public_access_block",
      "name": "some_bucket_access",
      "provider": "provider[\"registry.terraform.io/hashicorp/aws\"]",
      "instances": [
        {
          "schema_version": 0,
          "attributes": {
            "block_public_acls": true,
            "block_public_policy": true,
            "bucket": "challenge-private-bucket",
            "id": "challenge-private-bucket",
            "ignore_public_acls": true,
            "restrict_public_buckets": false
          },
          "sensitive_attributes": [],
          "private": "bnVsbA==",
          "dependencies": [
            "aws_s3_bucket.private"
          ]
        }
      ]
    },
    {
      "mode": "managed",
      "type": "aws_security_group",
      "name": "allow_ssh",
      "provider": "provider[\"registry.terraform.io/hashicorp/aws\"]",
      "instances": [
        {
          "schema_version": 1,
          "attributes": {
            "arn": "arn:aws:ec2:us-east-2:944078016394:security-group/sg-0a75c89da9d20e28e",
            "description": "Allow ssh inbound traffic",
            "egress": [],
            "id": "sg-0a75c89da9d20e28e",
            "ingress": [
              {
                "cidr_blocks": [
                  "192.168.0.0/24"
                ],
                "description": "",
                "from_port": 22,
                "ipv6_cidr_blocks": [],
                "prefix_list_ids": [],
                "protocol": "tcp",
                "security_groups": [],
                "self": false,
                "to_port": 22
              }
            ],
            "name": "allow_ssh",
            "name_prefix": "",
            "owner_id": "944078016394",
            "revoke_rules_on_delete": false,
            "tags": null,
            "tags_all": {},
            "timeouts": null,
            "vpc_id": "vpc-0e63d70d83954a075"
          },
          "sensitive_attributes": [],
          "private": "eyJlMmJmYjczMC1lY2FhLTExZTYtOGY4OC0zNDM2M2JjN2M0YzAiOnsiY3JlYXRlIjo2MDAwMDAwMDAwMDAsImRlbGV0ZSI6OTAwMDAwMDAwMDAwfSwic2NoZW1hX3ZlcnNpb24iOiIxIn0="
        }
      ]
    },
    {
      "mode": "managed",
      "type": "aws_security_group",
      "name": "main",
      "provider": "provider[\"registry.terraform.io/hashicorp/aws\"]",
      "instances": [
        {
          "schema_version": 1,
          "attributes": {
            "arn": "arn:aws:ec2:us-east-2:944078016394:security-group/sg-0e48b4808808aad6c",
            "description": "Managed by Terraform",
            "egress": [
              {
                "cidr_blocks": [
                  "0.0.0.0/0"
                ],
                "description": "",
                "from_port": 0,
                "ipv6_cidr_blocks": [],
                "prefix_list_ids": [],
                "protocol": "-1",
                "security_groups": [],
                "self": false,
                "to_port": 0
              }
            ],
            "id": "sg-0e48b4808808aad6c",
            "ingress": [
              {
                "cidr_blocks": [
                  "174.70.63.158/32"
                ],
                "description": "",
                "from_port": 22,
                "ipv6_cidr_blocks": [],
                "prefix_list_ids": [],
                "protocol": "tcp",
                "security_groups": [],
                "self": false,
                "to_port": 22
              }
            ],
            "name": "terraform-20220310122532615700000001",
            "name_prefix": "terraform-",
            "owner_id": "944078016394",
            "revoke_rules_on_delete": false,
            "tags": null,
            "tags_all": {},
            "timeouts": null,
            "vpc_id": "vpc-0e63d70d83954a075"
          },
          "sensitive_attributes": [],
          "private": "eyJlMmJmYjczMC1lY2FhLTExZTYtOGY4OC0zNDM2M2JjN2M0YzAiOnsiY3JlYXRlIjo2MDAwMDAwMDAwMDAsImRlbGV0ZSI6OTAwMDAwMDAwMDAwfSwic2NoZW1hX3ZlcnNpb24iOiIxIn0="
        }
      ]
    },
    {
      "mode": "managed",
      "type": "local_file",
      "name": "pem_file_private",
      "provider": "provider[\"registry.terraform.io/hashicorp/local\"]",
      "instances": [
        {
          "schema_version": 0,
          "attributes": {
            "content": null,
            "content_base64": null,
            "directory_permission": "700",
            "file_permission": "600",
            "filename": "C:/Users/chris/Desktop/K8sPlayground/AWS-Practice/test_key_ssh.pem",
            "id": "125708f0ab6225d08b1b1fb5bcbd2d7532719fb6",
            "sensitive_content": "-----BEGIN RSA PRIVATE KEY-----\nMIIJKAIBAAKCAgEAuNBGPBNMbIjBiWRbcwa3Oeo9ptQqrWRpFOHQSlpHktfgXBYD\nOSfU//spPJyZgnZ42DRLRwzIlP8tyUR5pvAXASqzYPJXwLng1AqVexBTYlUwsduN\n6hZh2ZGurYGsHpl69Slc8fIsSCZD6vF8RgdwFBSZM422lcig8lZxENjFM+Sdb+kA\nz1fQ4mDdBqcfd8WGU1J7uf6YMn2GWrdrkPWgjI+YQcHJjgvkE2Sp40cLdcxMoLlE\nAvv8w1i3724VD2CQtnCVtnAhFRD6CsEJ7n+o3j+yivS0EwPNDmXUpPGx5n7wPNgt\nZwKCHZauDW4Nv0JmcZmHKS8CmJ+vxDQbxthhRpAQ4MzgY3jJ1JkR4+bVHKrUZkHZ\nUcXXD7wiC0LIz4+zVzg69Y69Le3XvU9Gw6VGY9DJvK2aTe09xvFDIqNSazNt4MW9\nNTzmKuKEuzzGDrQWuhp82Y9DZT83hjSFMH1kcDI5GLpJQHEv15dgrcepShf4OAUN\naYARarB3gMNDQa6WZ9EEyVwQohyuBmOkxeRKE4Uz9yx2t/MmhoGjxxpvfbjCDUsZ\nlNXX36POlccewHuX2nO8rlSD6UnigOmVajEI8UAKQrPx5wOpIAk34pFakdrqKX4z\n8KfNf5hU/+usVQH9uIVNxwqNdk/A9hRVsMoNaFMmck8bCA56RfC4qY2T4J0CAwEA\nAQKCAgBRvMOjZEGjquQ12K3ddLXqpl+3/hQV9dfHxYtypvUKy/FNqOqqB6TbxgBZ\n70Sxf6Y4sQAuH0hDJYzhfCh1na/+8xy8ntISyeLWxQuRjwnh7p2Hu/vK8TU7nYPs\n9vHh4q2P6khSNXJCQrI9Iap96mI2b1nGhEGhg0czhumgss6dAdpjmWCjU0puJLr8\na0OunCypg0x3WVOE2SFn08F+LjRglk2Xn5Z9/WJU9WtxuoUmB0JIv0eGLl5/IyjO\nexhTYbj/B1Ifiv4GrCh6QyAaXFmaWf+kF0/hLQgu+viOLtsofzHPJykFawWTAoZe\nKDNqSHq4eVde7oyuZcm98/HpAuAaLZ77uat1JwsYLqlTMWWCnljS81hL0UM6aQ6X\nl54Yynkac6KTQbfqBV0yFaFIV7TsEEzOKPknPxJdiL+DN5jG+O1X+uRCZVJOGCWS\nW0zEqUNB3NLy2b0rfKY6l2Aqapq46biOWxHWbXct/5hK4AHF/LNbGJjEYs/3yvxb\nWLHORC1zmw8Sg1H122to7ri4Gp6f0zhSNV/2LyUsYOjUKOwciAgy+WOJsYBnH7aL\n1h70JZS+at3LfzZtFjDrXykCkYCKdv07U4BzKYgmiH6lYVkn3Yb4Gs1wr4zGqg80\nvUzH0yd9yE7qgF9xRlj1Q5MSOVujoLDE0c6Bx4wGISu8d5E+oQKCAQEA4w2GRRXz\nO/sNIUJer35spG53VLGWcvnHhR3pyT7XlC2q9oc+Ukai8Zd9lytzazHdv/SneUMn\nBQYKSXOv8gno+VqXvWf1+gykjvms6s+TD3AsfhXv7ajBYaHOT9EqErVPJ8azP5mT\nhExCeejB/pP9odgS6gwzdxgUq7gwCzqoC1/V6JndWbVxk/y4WmFfOaJHkPlIRUP/\nKQUpI3n08fu/hlz41EZguee3RpaJLJh3Z+mnPLhdxAlFYtwJn2ZCiSqkj/uFDvE0\nX47OhhtJjhRCxRkCM1jTKxGYzLeI2O5BKOmdloCuramJCIL2skwu2ENE4i+tIl5f\nt5o6b0RdeXqBCQKCAQEA0GAoqsp+NKCBadw0YwHmFn7LDrla2Fpo/Q88Ym2NUgQx\ntDgwsYFY0PZxhnU5lxSWaX/f/iA7UPPtWJ7u7LS94cBBSOBTE0qLzp9JNIz3L+Pm\nc+9K9J4Hl00SXVgBMu8vIg0SwHMgbflyYVdKeOz4mtH0pxe99zNXGvV4nP89CFXC\nGbZ3lIz5kW8fVKGSLf3zT7zmlW209Jnbb/DPCt7vT6q/d5bBbFqh8lFE3gxYq3QD\nitmL0/vg5pMjumJv0ZltPQV9oaYDIOzFObA8svxR8NjZe68gcjO1NEuBJ7JUZNg3\nBVWrH8x/juwA2CoMCk8SQoMb0CfJU7THcYEtezML9QKCAQBQ+cjSKMLnuGB1ZSM5\nuX/roM4EMZWziauDqShwsm3WFfdsFs2+MBz6xolu+XsfVth8FjgIQk/PNdlDWvP8\nAVbKX2nQjhwmwo2JxDfMQp1zGxFzIkXAX7ggJsHaq4EyzODfEblpzE7VFxF6Qu20\n6njBWLteJ13PcpIkr/rKdm/qJpK2cvGDhfdszOu+qA17E4oshQsmUNrWeVWzplIa\nXytuMwg3RKZIhwBRN2zSr8meELGpMSOXv6q0WD9CTwkZvFCWXSCWNKX2EotLPr4b\n4tPxUTr8rwgYyxzQngA7RbWNbsvaGiiyHM2XcIWlDxCB5nPRqyk3IatHYsTGW/5u\nTadpAoIBAQCutTDjocuXDEv1Ge/CY0Eq8zwFKFuGsqb8Jd4XGIs4jNOvqr0I1s5E\nxZwBhB+5EEXcRp7jTtrs0NfbScZBKHlb4fnaxFpi/kmh/+M88EQAHzCFW8iYuDbd\nIH2ZTcQTlH8MKbHjMaOrEU5ZVvrV0LnP9OEPh9R6gs0xiUaLO2VMq7qGHHq+TkSh\nL24xYxZRAW8TF+qstsLVonpdrKWrE6fKP/swpXGfC45kwMbg9bESb77Yl/Wo0rKK\nICwAhbADKIRyeTwQYESXQm1KJP1/hBafvPD7xqWJmtj+859iTR59PttC2cUUcD0y\n86TxmK9npUxF/+89413llNjzzb74YKBRAoIBAGXPZf9guFzbFbull7B/L452onk9\njJxTez6FywUyIJi5xLAniM3BXPuR1F2zy1CNOfO04XCwX2qcYlGKQILHaDf/XHr4\nJ2fazdNdCDEfuiDL4Oez5OHv4DvSYPrDRIkss9LO826TXRU0frtF/L4ifUqycrI8\nAqcE3w1oThKUU4mY4EUW9QdWOXjdC7Hq2D6SnHk1eNSIAmp77qz4yZy6NwAC6L7m\nXqz3s2kXqUJbuopKRtbMBskJUyk8lKP55DlMIxh3SbrLsFmdLTIUeF7fh44xk013\nWl5L0matOnIpzLRJv9eOUitNzT8IS1NIR0HXvG5hME2i4+t4BuHg97l4Poc=\n-----END RSA PRIVATE KEY-----\n",
            "source": null
          },
          "sensitive_attributes": [
            [
              {
                "type": "get_attr",
                "value": "sensitive_content"
              }
            ]
          ],
          "private": "bnVsbA==",
          "dependencies": [
            "tls_private_key.ssh"
          ]
        }
      ]
    },
    {
      "mode": "managed",
      "type": "local_file",
      "name": "pem_file_public",
      "provider": "provider[\"registry.terraform.io/hashicorp/local\"]",
      "instances": [
        {
          "schema_version": 0,
          "attributes": {
            "content": null,
            "content_base64": null,
            "directory_permission": "700",
            "file_permission": "600",
            "filename": "C:/Users/chris/Desktop/K8sPlayground/AWS-Practice/test_key_ssh_pub.pem",
            "id": "cb71adcb88d705ee9415eb71855e5b596bef4150",
            "sensitive_content": "-----BEGIN PUBLIC KEY-----\nMIICIjANBgkqhkiG9w0BAQEFAAOCAg8AMIICCgKCAgEAuNBGPBNMbIjBiWRbcwa3\nOeo9ptQqrWRpFOHQSlpHktfgXBYDOSfU//spPJyZgnZ42DRLRwzIlP8tyUR5pvAX\nASqzYPJXwLng1AqVexBTYlUwsduN6hZh2ZGurYGsHpl69Slc8fIsSCZD6vF8Rgdw\nFBSZM422lcig8lZxENjFM+Sdb+kAz1fQ4mDdBqcfd8WGU1J7uf6YMn2GWrdrkPWg\njI+YQcHJjgvkE2Sp40cLdcxMoLlEAvv8w1i3724VD2CQtnCVtnAhFRD6CsEJ7n+o\n3j+yivS0EwPNDmXUpPGx5n7wPNgtZwKCHZauDW4Nv0JmcZmHKS8CmJ+vxDQbxthh\nRpAQ4MzgY3jJ1JkR4+bVHKrUZkHZUcXXD7wiC0LIz4+zVzg69Y69Le3XvU9Gw6VG\nY9DJvK2aTe09xvFDIqNSazNt4MW9NTzmKuKEuzzGDrQWuhp82Y9DZT83hjSFMH1k\ncDI5GLpJQHEv15dgrcepShf4OAUNaYARarB3gMNDQa6WZ9EEyVwQohyuBmOkxeRK\nE4Uz9yx2t/MmhoGjxxpvfbjCDUsZlNXX36POlccewHuX2nO8rlSD6UnigOmVajEI\n8UAKQrPx5wOpIAk34pFakdrqKX4z8KfNf5hU/+usVQH9uIVNxwqNdk/A9hRVsMoN\naFMmck8bCA56RfC4qY2T4J0CAwEAAQ==\n-----END PUBLIC KEY-----\n",
            "source": null
          },
          "sensitive_attributes": [],
          "private": "bnVsbA==",
          "dependencies": [
            "tls_private_key.ssh"
          ]
        }
      ]
    },
    {
      "mode": "managed",
      "type": "tls_private_key",
      "name": "ssh",
      "provider": "provider[\"registry.terraform.io/hashicorp/tls\"]",
      "instances": [
        {
          "schema_version": 0,
          "attributes": {
            "algorithm": "RSA",
            "ecdsa_curve": "P224",
            "id": "8294dd0651106b63006c739e0979556c9f616f82",
            "private_key_pem": "-----BEGIN RSA PRIVATE KEY-----\nMIIJKAIBAAKCAgEAuNBGPBNMbIjBiWRbcwa3Oeo9ptQqrWRpFOHQSlpHktfgXBYD\nOSfU//spPJyZgnZ42DRLRwzIlP8tyUR5pvAXASqzYPJXwLng1AqVexBTYlUwsduN\n6hZh2ZGurYGsHpl69Slc8fIsSCZD6vF8RgdwFBSZM422lcig8lZxENjFM+Sdb+kA\nz1fQ4mDdBqcfd8WGU1J7uf6YMn2GWrdrkPWgjI+YQcHJjgvkE2Sp40cLdcxMoLlE\nAvv8w1i3724VD2CQtnCVtnAhFRD6CsEJ7n+o3j+yivS0EwPNDmXUpPGx5n7wPNgt\nZwKCHZauDW4Nv0JmcZmHKS8CmJ+vxDQbxthhRpAQ4MzgY3jJ1JkR4+bVHKrUZkHZ\nUcXXD7wiC0LIz4+zVzg69Y69Le3XvU9Gw6VGY9DJvK2aTe09xvFDIqNSazNt4MW9\nNTzmKuKEuzzGDrQWuhp82Y9DZT83hjSFMH1kcDI5GLpJQHEv15dgrcepShf4OAUN\naYARarB3gMNDQa6WZ9EEyVwQohyuBmOkxeRKE4Uz9yx2t/MmhoGjxxpvfbjCDUsZ\nlNXX36POlccewHuX2nO8rlSD6UnigOmVajEI8UAKQrPx5wOpIAk34pFakdrqKX4z\n8KfNf5hU/+usVQH9uIVNxwqNdk/A9hRVsMoNaFMmck8bCA56RfC4qY2T4J0CAwEA\nAQKCAgBRvMOjZEGjquQ12K3ddLXqpl+3/hQV9dfHxYtypvUKy/FNqOqqB6TbxgBZ\n70Sxf6Y4sQAuH0hDJYzhfCh1na/+8xy8ntISyeLWxQuRjwnh7p2Hu/vK8TU7nYPs\n9vHh4q2P6khSNXJCQrI9Iap96mI2b1nGhEGhg0czhumgss6dAdpjmWCjU0puJLr8\na0OunCypg0x3WVOE2SFn08F+LjRglk2Xn5Z9/WJU9WtxuoUmB0JIv0eGLl5/IyjO\nexhTYbj/B1Ifiv4GrCh6QyAaXFmaWf+kF0/hLQgu+viOLtsofzHPJykFawWTAoZe\nKDNqSHq4eVde7oyuZcm98/HpAuAaLZ77uat1JwsYLqlTMWWCnljS81hL0UM6aQ6X\nl54Yynkac6KTQbfqBV0yFaFIV7TsEEzOKPknPxJdiL+DN5jG+O1X+uRCZVJOGCWS\nW0zEqUNB3NLy2b0rfKY6l2Aqapq46biOWxHWbXct/5hK4AHF/LNbGJjEYs/3yvxb\nWLHORC1zmw8Sg1H122to7ri4Gp6f0zhSNV/2LyUsYOjUKOwciAgy+WOJsYBnH7aL\n1h70JZS+at3LfzZtFjDrXykCkYCKdv07U4BzKYgmiH6lYVkn3Yb4Gs1wr4zGqg80\nvUzH0yd9yE7qgF9xRlj1Q5MSOVujoLDE0c6Bx4wGISu8d5E+oQKCAQEA4w2GRRXz\nO/sNIUJer35spG53VLGWcvnHhR3pyT7XlC2q9oc+Ukai8Zd9lytzazHdv/SneUMn\nBQYKSXOv8gno+VqXvWf1+gykjvms6s+TD3AsfhXv7ajBYaHOT9EqErVPJ8azP5mT\nhExCeejB/pP9odgS6gwzdxgUq7gwCzqoC1/V6JndWbVxk/y4WmFfOaJHkPlIRUP/\nKQUpI3n08fu/hlz41EZguee3RpaJLJh3Z+mnPLhdxAlFYtwJn2ZCiSqkj/uFDvE0\nX47OhhtJjhRCxRkCM1jTKxGYzLeI2O5BKOmdloCuramJCIL2skwu2ENE4i+tIl5f\nt5o6b0RdeXqBCQKCAQEA0GAoqsp+NKCBadw0YwHmFn7LDrla2Fpo/Q88Ym2NUgQx\ntDgwsYFY0PZxhnU5lxSWaX/f/iA7UPPtWJ7u7LS94cBBSOBTE0qLzp9JNIz3L+Pm\nc+9K9J4Hl00SXVgBMu8vIg0SwHMgbflyYVdKeOz4mtH0pxe99zNXGvV4nP89CFXC\nGbZ3lIz5kW8fVKGSLf3zT7zmlW209Jnbb/DPCt7vT6q/d5bBbFqh8lFE3gxYq3QD\nitmL0/vg5pMjumJv0ZltPQV9oaYDIOzFObA8svxR8NjZe68gcjO1NEuBJ7JUZNg3\nBVWrH8x/juwA2CoMCk8SQoMb0CfJU7THcYEtezML9QKCAQBQ+cjSKMLnuGB1ZSM5\nuX/roM4EMZWziauDqShwsm3WFfdsFs2+MBz6xolu+XsfVth8FjgIQk/PNdlDWvP8\nAVbKX2nQjhwmwo2JxDfMQp1zGxFzIkXAX7ggJsHaq4EyzODfEblpzE7VFxF6Qu20\n6njBWLteJ13PcpIkr/rKdm/qJpK2cvGDhfdszOu+qA17E4oshQsmUNrWeVWzplIa\nXytuMwg3RKZIhwBRN2zSr8meELGpMSOXv6q0WD9CTwkZvFCWXSCWNKX2EotLPr4b\n4tPxUTr8rwgYyxzQngA7RbWNbsvaGiiyHM2XcIWlDxCB5nPRqyk3IatHYsTGW/5u\nTadpAoIBAQCutTDjocuXDEv1Ge/CY0Eq8zwFKFuGsqb8Jd4XGIs4jNOvqr0I1s5E\nxZwBhB+5EEXcRp7jTtrs0NfbScZBKHlb4fnaxFpi/kmh/+M88EQAHzCFW8iYuDbd\nIH2ZTcQTlH8MKbHjMaOrEU5ZVvrV0LnP9OEPh9R6gs0xiUaLO2VMq7qGHHq+TkSh\nL24xYxZRAW8TF+qstsLVonpdrKWrE6fKP/swpXGfC45kwMbg9bESb77Yl/Wo0rKK\nICwAhbADKIRyeTwQYESXQm1KJP1/hBafvPD7xqWJmtj+859iTR59PttC2cUUcD0y\n86TxmK9npUxF/+89413llNjzzb74YKBRAoIBAGXPZf9guFzbFbull7B/L452onk9\njJxTez6FywUyIJi5xLAniM3BXPuR1F2zy1CNOfO04XCwX2qcYlGKQILHaDf/XHr4\nJ2fazdNdCDEfuiDL4Oez5OHv4DvSYPrDRIkss9LO826TXRU0frtF/L4ifUqycrI8\nAqcE3w1oThKUU4mY4EUW9QdWOXjdC7Hq2D6SnHk1eNSIAmp77qz4yZy6NwAC6L7m\nXqz3s2kXqUJbuopKRtbMBskJUyk8lKP55DlMIxh3SbrLsFmdLTIUeF7fh44xk013\nWl5L0matOnIpzLRJv9eOUitNzT8IS1NIR0HXvG5hME2i4+t4BuHg97l4Poc=\n-----END RSA PRIVATE KEY-----\n",
            "public_key_fingerprint_md5": "1d:a8:8a:39:b7:02:00:86:07:e0:43:e1:8b:00:39:37",
            "public_key_openssh": "ssh-rsa AAAAB3NzaC1yc2EAAAADAQABAAACAQC40EY8E0xsiMGJZFtzBrc56j2m1CqtZGkU4dBKWkeS1+BcFgM5J9T/+yk8nJmCdnjYNEtHDMiU/y3JRHmm8BcBKrNg8lfAueDUCpV7EFNiVTCx243qFmHZka6tgawemXr1KVzx8ixIJkPq8XxGB3AUFJkzjbaVyKDyVnEQ2MUz5J1v6QDPV9DiYN0Gpx93xYZTUnu5/pgyfYZat2uQ9aCMj5hBwcmOC+QTZKnjRwt1zEyguUQC+/zDWLfvbhUPYJC2cJW2cCEVEPoKwQnuf6jeP7KK9LQTA80OZdSk8bHmfvA82C1nAoIdlq4Nbg2/QmZxmYcpLwKYn6/ENBvG2GFGkBDgzOBjeMnUmRHj5tUcqtRmQdlRxdcPvCILQsjPj7NXODr1jr0t7de9T0bDpUZj0Mm8rZpN7T3G8UMio1JrM23gxb01POYq4oS7PMYOtBa6GnzZj0NlPzeGNIUwfWRwMjkYuklAcS/Xl2Ctx6lKF/g4BQ1pgBFqsHeAw0NBrpZn0QTJXBCiHK4GY6TF5EoThTP3LHa38yaGgaPHGm99uMINSxmU1dffo86Vxx7Ae5fac7yuVIPpSeKA6ZVqMQjxQApCs/HnA6kgCTfikVqR2uopfjPwp81/mFT/66xVAf24hU3HCo12T8D2FFWwyg1oUyZyTxsIDnpF8LipjZPgnQ==\n",
            "public_key_pem": "-----BEGIN PUBLIC KEY-----\nMIICIjANBgkqhkiG9w0BAQEFAAOCAg8AMIICCgKCAgEAuNBGPBNMbIjBiWRbcwa3\nOeo9ptQqrWRpFOHQSlpHktfgXBYDOSfU//spPJyZgnZ42DRLRwzIlP8tyUR5pvAX\nASqzYPJXwLng1AqVexBTYlUwsduN6hZh2ZGurYGsHpl69Slc8fIsSCZD6vF8Rgdw\nFBSZM422lcig8lZxENjFM+Sdb+kAz1fQ4mDdBqcfd8WGU1J7uf6YMn2GWrdrkPWg\njI+YQcHJjgvkE2Sp40cLdcxMoLlEAvv8w1i3724VD2CQtnCVtnAhFRD6CsEJ7n+o\n3j+yivS0EwPNDmXUpPGx5n7wPNgtZwKCHZauDW4Nv0JmcZmHKS8CmJ+vxDQbxthh\nRpAQ4MzgY3jJ1JkR4+bVHKrUZkHZUcXXD7wiC0LIz4+zVzg69Y69Le3XvU9Gw6VG\nY9DJvK2aTe09xvFDIqNSazNt4MW9NTzmKuKEuzzGDrQWuhp82Y9DZT83hjSFMH1k\ncDI5GLpJQHEv15dgrcepShf4OAUNaYARarB3gMNDQa6WZ9EEyVwQohyuBmOkxeRK\nE4Uz9yx2t/MmhoGjxxpvfbjCDUsZlNXX36POlccewHuX2nO8rlSD6UnigOmVajEI\n8UAKQrPx5wOpIAk34pFakdrqKX4z8KfNf5hU/+usVQH9uIVNxwqNdk/A9hRVsMoN\naFMmck8bCA56RfC4qY2T4J0CAwEAAQ==\n-----END PUBLIC KEY-----\n",
            "rsa_bits": 4096
          },
          "sensitive_attributes": [],
          "private": "bnVsbA=="
        }
      ]
    }
  ]
}
